
Microsoft Visual Studio Solution File, Format Version 12.00
# Visual Studio 15
Project("{FAE04EC0-301F-11D3-BF4B-00C04F79EFBC}") = "EmptyProject.WebAPI", "EmptyProject.WebAPI\EmptyProject.WebAPI.csproj", "{AB7BDBE0-FAFF-45E5-BBD6-C10349CED34E}"
EndProject
Global
	GlobalSection(SolutionConfigurationPlatforms) = preSolution
		Debug|Any CPU = Debug|Any CPU
		Release|Any CPU = Release|Any CPU
	EndGlobalSection
	GlobalSection(ProjectConfigurationPlatforms) = postSolution
		{AB7BDBE0-FAFF-45E5-BBD6-C10349CED34E}.Debug|Any CPU.ActiveCfg = Debug|Any CPU
		{AB7BDBE0-FAFF-45E5-BBD6-C10349CED34E}.Debug|Any CPU.Build.0 = Debug|Any CPU
		{AB7BDBE0-FAFF-45E5-BBD6-C10349CED34E}.Release|Any CPU.ActiveCfg = Release|Any CPU
		{AB7BDBE0-FAFF-45E5-BBD6-C10349CED34E}.Release|Any CPU.Build.0 = Release|Any CPU
	EndGlobalSection
EndGlobal
