
Microsoft Visual Studio Solution File, Format Version 12.00
# Visual Studio 15
Project("{FAE04EC0-301F-11D3-BF4B-00C04F79EFBC}") = "EmptyProject.WebAPI", "EmptyProject.WebAPI\EmptyProject.WebAPI.csproj", "{AB7BDBE0-FAFF-45E5-BBD6-C10349CED34E}"
EndProject
Project("{FAE04EC0-301F-11D3-BF4B-00C04F79EFBC}") = "EmptyProject.Tests", "EmptyProject.Tests\EmptyProject.Tests.csproj", "{B032A956-438B-4599-A1FC-6F950A2E5EC1}"
EndProject
Project("{FAE04EC0-301F-11D3-BF4B-00C04F79EFBC}") = "EmptyProject.NUnitTemplateTests", "EmptyProject.NUnitTemplateTests\EmptyProject.NUnitTemplateTests.csproj", "{EF949111-FFE2-4B8F-82B6-F6E6413489F2}"
EndProject
Global
	GlobalSection(SolutionConfigurationPlatforms) = preSolution
		Debug|Any CPU = Debug|Any CPU
		Release|Any CPU = Release|Any CPU
	EndGlobalSection
	GlobalSection(ProjectConfigurationPlatforms) = postSolution
		{AB7BDBE0-FAFF-45E5-BBD6-C10349CED34E}.Debug|Any CPU.ActiveCfg = Debug|Any CPU
		{AB7BDBE0-FAFF-45E5-BBD6-C10349CED34E}.Debug|Any CPU.Build.0 = Debug|Any CPU
		{AB7BDBE0-FAFF-45E5-BBD6-C10349CED34E}.Release|Any CPU.ActiveCfg = Release|Any CPU
		{AB7BDBE0-FAFF-45E5-BBD6-C10349CED34E}.Release|Any CPU.Build.0 = Release|Any CPU
		{B032A956-438B-4599-A1FC-6F950A2E5EC1}.Debug|Any CPU.ActiveCfg = Debug|Any CPU
		{B032A956-438B-4599-A1FC-6F950A2E5EC1}.Debug|Any CPU.Build.0 = Debug|Any CPU
		{B032A956-438B-4599-A1FC-6F950A2E5EC1}.Release|Any CPU.ActiveCfg = Release|Any CPU
		{B032A956-438B-4599-A1FC-6F950A2E5EC1}.Release|Any CPU.Build.0 = Release|Any CPU
		{EF949111-FFE2-4B8F-82B6-F6E6413489F2}.Debug|Any CPU.ActiveCfg = Debug|Any CPU
		{EF949111-FFE2-4B8F-82B6-F6E6413489F2}.Debug|Any CPU.Build.0 = Debug|Any CPU
		{EF949111-FFE2-4B8F-82B6-F6E6413489F2}.Release|Any CPU.ActiveCfg = Release|Any CPU
		{EF949111-FFE2-4B8F-82B6-F6E6413489F2}.Release|Any CPU.Build.0 = Release|Any CPU
	EndGlobalSection
EndGlobal
